// !$*UTF8*$!
{
	archiveVersion = 1;
	classes = {
	};
	objectVersion = 50;
	objects = {

/* Begin PBXFileReference section */
		B73744AC22836500004B6CEB /* ping-coming-soon-page-master */ = {isa = PBXFileReference; lastKnownFileType = folder; path = "ping-coming-soon-page-master"; sourceTree = "<group>"; };
		B7AE803B22876F3700937B53 /* styles.css */ = {isa = PBXFileReference; lastKnownFileType = text.css; name = styles.css; path = "ping-coming-soon-page-master/styles.css"; sourceTree = "<group>"; };
/* End PBXFileReference section */

/* Begin PBXGroup section */
		B73744A5228364E4004B6CEB = {
			isa = PBXGroup;
			children = (
				B7AE803B22876F3700937B53 /* styles.css */,
				B73744AC22836500004B6CEB /* ping-coming-soon-page-master */,
			);
			sourceTree = "<group>";
		};
/* End PBXGroup section */

/* Begin PBXProject section */
		B73744A6228364E4004B6CEB /* Project object */ = {
			isa = PBXProject;
			attributes = {
				LastUpgradeCheck = 1000;
			};
			buildConfigurationList = B73744A9228364E4004B6CEB /* Build configuration list for PBXProject "Frontend Ping Project" */;
			compatibilityVersion = "Xcode 9.3";
			developmentRegion = en;
			hasScannedForEncodings = 0;
			knownRegions = (
				en,
			);
			mainGroup = B73744A5228364E4004B6CEB;
			projectDirPath = "";
			projectRoot = "";
			targets = (
			);
		};
/* End PBXProject section */

/* Begin XCBuildConfiguration section */
		B73744AA228364E4004B6CEB /* Debug */ = {
			isa = XCBuildConfiguration;
			buildSettings = {
			};
			name = Debug;
		};
		B73744AB228364E4004B6CEB /* Release */ = {
			isa = XCBuildConfiguration;
			buildSettings = {
			};
			name = Release;
		};
/* End XCBuildConfiguration section */

/* Begin XCConfigurationList section */
		B73744A9228364E4004B6CEB /* Build configuration list for PBXProject "Frontend Ping Project" */ = {
			isa = XCConfigurationList;
			buildConfigurations = (
				B73744AA228364E4004B6CEB /* Debug */,
				B73744AB228364E4004B6CEB /* Release */,
			);
			defaultConfigurationIsVisible = 0;
			defaultConfigurationName = Release;
		};
/* End XCConfigurationList section */
	};
	rootObject = B73744A6228364E4004B6CEB /* Project object */;
}
